
Microsoft Visual Studio Solution File, Format Version 12.00
# Visual Studio Version 16
VisualStudioVersion = 16.0.31019.35
MinimumVisualStudioVersion = 10.0.40219.1
Project("{9A19103F-16F7-4668-BE54-9A1E7A4F7556}") = "APITruck", "APITruck2\APITruck.csproj", "{7798CE2C-B3D2-45A4-92A2-C6DEA61DD8FB}"
EndProject
Project("{2150E333-8FDC-42A3-9474-1A3956D46DE8}") = "Web", "Web", "{EDA04CED-7E8D-4345-B634-2A2AEF987BB6}"
EndProject
Project("{2150E333-8FDC-42A3-9474-1A3956D46DE8}") = "Tests", "Tests", "{104FE00A-4545-46F1-ACEB-6734EA0584E0}"
EndProject
Global
	GlobalSection(SolutionConfigurationPlatforms) = preSolution
		Debug|Any CPU = Debug|Any CPU
		Release|Any CPU = Release|Any CPU
	EndGlobalSection
	GlobalSection(ProjectConfigurationPlatforms) = postSolution
		{7798CE2C-B3D2-45A4-92A2-C6DEA61DD8FB}.Debug|Any CPU.ActiveCfg = Debug|Any CPU
		{7798CE2C-B3D2-45A4-92A2-C6DEA61DD8FB}.Debug|Any CPU.Build.0 = Debug|Any CPU
		{7798CE2C-B3D2-45A4-92A2-C6DEA61DD8FB}.Release|Any CPU.ActiveCfg = Release|Any CPU
		{7798CE2C-B3D2-45A4-92A2-C6DEA61DD8FB}.Release|Any CPU.Build.0 = Release|Any CPU
	EndGlobalSection
	GlobalSection(SolutionProperties) = preSolution
		HideSolutionNode = FALSE
	EndGlobalSection
	GlobalSection(NestedProjects) = preSolution
		{7798CE2C-B3D2-45A4-92A2-C6DEA61DD8FB} = {EDA04CED-7E8D-4345-B634-2A2AEF987BB6}
	EndGlobalSection
	GlobalSection(ExtensibilityGlobals) = postSolution
		SolutionGuid = {0FB8720D-B377-48D7-80E9-87EF35F2BB39}
	EndGlobalSection
EndGlobal
