
Microsoft Visual Studio Solution File, Format Version 12.00
# Visual Studio Version 16
VisualStudioVersion = 16.0.31019.35
MinimumVisualStudioVersion = 10.0.40219.1
Project("{FAE04EC0-301F-11D3-BF4B-00C04F79EFBC}") = "APITruck2", "APITruck2\APITruck2.csproj", "{7798CE2C-B3D2-45A4-92A2-C6DEA61DD8FB}"
EndProject
Global
	GlobalSection(SolutionConfigurationPlatforms) = preSolution
		Debug|Any CPU = Debug|Any CPU
		Release|Any CPU = Release|Any CPU
	EndGlobalSection
	GlobalSection(ProjectConfigurationPlatforms) = postSolution
		{7798CE2C-B3D2-45A4-92A2-C6DEA61DD8FB}.Debug|Any CPU.ActiveCfg = Debug|Any CPU
		{7798CE2C-B3D2-45A4-92A2-C6DEA61DD8FB}.Debug|Any CPU.Build.0 = Debug|Any CPU
		{7798CE2C-B3D2-45A4-92A2-C6DEA61DD8FB}.Release|Any CPU.ActiveCfg = Release|Any CPU
		{7798CE2C-B3D2-45A4-92A2-C6DEA61DD8FB}.Release|Any CPU.Build.0 = Release|Any CPU
	EndGlobalSection
	GlobalSection(SolutionProperties) = preSolution
		HideSolutionNode = FALSE
	EndGlobalSection
	GlobalSection(ExtensibilityGlobals) = postSolution
		SolutionGuid = {0FB8720D-B377-48D7-80E9-87EF35F2BB39}
	EndGlobalSection
EndGlobal
